{
  "requires": true,
  "lockfileVersion": 1,
  "dependencies": {
    "hellojs": {
      "version": "1.15.1",
      "resolved": "https://registry.npmjs.org/hellojs/-/hellojs-1.15.1.tgz",
      "integrity": "sha512-cszCVx0egMCnxSP6P+DDevM0E3j+H7YN0dbzrn/cZ2Q66wRxu/lERUjb7mUO4I4pCz2MQVVglNSDcquzCnHqlg=="
    }
  }
}
